<?xml version="1.0" encoding="utf-8"?>
<Project ToolsVersion="4.0" xmlns="http://schemas.microsoft.com/developer/msbuild/2003">
  <ItemGroup>
    <Filter Include="Header Files">
      <UniqueIdentifier>{efd4fbd4-78dc-4c18-8f0f-1ac546a9964c}</UniqueIdentifier>
    </Filter>
    <Filter Include="Header Files\Protocol">
      <UniqueIdentifier>{1ba6e54e-a44b-44b4-b1f0-fc29077c8063}</UniqueIdentifier>
    </Filter>
    <Filter Include="Header Files\sys">
      <UniqueIdentifier>{d967cbf6-391b-4b5a-b746-c9925ee19209}</UniqueIdentifier>
    </Filter>
  </ItemGroup>
  <ItemGroup>
    <ClInclude Include="$(MSBuildThisFileDirectory)UefiBaseType.h">
      <Filter>Header Files</Filter>
    </ClInclude>
    <ClInclude Include="$(MSBuildThisFileDirectory)Uefi.h">
      <Filter>Header Files</Filter>
    </ClInclude>
    <ClInclude Include="$(MSBuildThisFileDirectory)UefiSpec.h">
      <Filter>Header Files</Filter>
    </ClInclude>
    <ClInclude Include="$(MSBuildThisFileDirectory)Protocol\DriverBinding.h">
      <Filter>Header Files\Protocol</Filter>
    </ClInclude>
    <ClInclude Include="$(MSBuildThisFileDirectory)DevicePath.h">
      <Filter>Header Files</Filter>
    </ClInclude>
    <ClInclude Include="$(MSBuildThisFileDirectory)Protocol\BlockIo.h">
      <Filter>Header Files\Protocol</Filter>
    </ClInclude>
    <ClInclude Include="$(MSBuildThisFileDirectory)Protocol\DiskIo.h">
      <Filter>Header Files\Protocol</Filter>
    </ClInclude>
    <ClInclude Include="$(MSBuildThisFileDirectory)sys\cdefs.h">
      <Filter>Header Files\sys</Filter>
    </ClInclude>
    <ClInclude Include="$(MSBuildThisFileDirectory)sys\errno.h">
      <Filter>Header Files\sys</Filter>
    </ClInclude>
    <ClInclude Include="$(MSBuildThisFileDirectory)sys\stat.h">
      <Filter>Header Files\sys</Filter>
    </ClInclude>
    <ClInclude Include="$(MSBuildThisFileDirectory)sys\statfs.h">
      <Filter>Header Files\sys</Filter>
    </ClInclude>
    <ClInclude Include="$(MSBuildThisFileDirectory)sys\statvfs.h">
      <Filter>Header Files\sys</Filter>
    </ClInclude>
    <ClInclude Include="$(MSBuildThisFileDirectory)sys\types.h">
      <Filter>Header Files\sys</Filter>
    </ClInclude>
    <ClInclude Include="$(MSBuildThisFileDirectory)Protocol\SimpleFileSystem.h">
      <Filter>Header Files\Protocol</Filter>
    </ClInclude>
    <ClInclude Include="$(MSBuildThisFileDirectory)FileInfo.h">
      <Filter>Header Files</Filter>
    </ClInclude>
  </ItemGroup>
</Project>